{
    "_readme": [
        "This file locks the dependencies of your project to a known state",
        "Read more about it at https://getcomposer.org/doc/01-basic-usage.md#installing-dependencies",
        "This file is @generated automatically"
    ],
    "content-hash": "9a086bb8734fee11c64c57088901ad1a",
    "packages": [
        {
            "name": "components/jquery",
            "version": "3.6.0",
            "source": {
                "type": "git",
                "url": "https://github.com/components/jquery.git",
                "reference": "6cf38ee1fd04b6adf8e7dda161283aa35be818c3"
            },
            "dist": {
                "type": "zip",
                "url": "https://api.github.com/repos/components/jquery/zipball/6cf38ee1fd04b6adf8e7dda161283aa35be818c3",
                "reference": "6cf38ee1fd04b6adf8e7dda161283aa35be818c3",
                "shasum": ""
            },
            "type": "component",
            "extra": {
                "component": {
                    "scripts": [
                        "jquery.js"
                    ],
                    "files": [
                        "jquery.min.js",
                        "jquery.min.map",
                        "jquery.slim.js",
                        "jquery.slim.min.js",
                        "jquery.slim.min.map"
                    ]
                }
            },
            "notification-url": "https://packagist.org/downloads/",
            "license": [
                "MIT"
            ],
            "authors": [
                {
                    "name": "JS Foundation and other contributors"
                }
            ],
            "description": "jQuery JavaScript Library",
            "homepage": "http://jquery.com",
            "support": {
                "forum": "http://forum.jquery.com",
                "irc": "irc://irc.freenode.org/jquery",
                "issues": "https://github.com/jquery/jquery/issues",
                "source": "https://github.com/jquery/jquery",
                "wiki": "http://docs.jquery.com/"
            },
            "time": "2021-03-20T19:13:42+00:00"
        },
        {
            "name": "vakata/jstree",
            "version": "3.3.14",
            "source": {
                "type": "git",
                "url": "https://github.com/vakata/jstree.git",
                "reference": "a1acb81a3b4b6e7a5a825367b5beab54a5ddbab8"
            },
            "dist": {
                "type": "zip",
                "url": "https://api.github.com/repos/vakata/jstree/zipball/a1acb81a3b4b6e7a5a825367b5beab54a5ddbab8",
                "reference": "a1acb81a3b4b6e7a5a825367b5beab54a5ddbab8",
                "shasum": ""
            },
            "require": {
                "components/jquery": ">=1.9.1"
            },
            "suggest": {
                "robloach/component-installer": "Allows installation of Components via Composer"
            },
            "type": "component",
            "extra": {
                "component": {
                    "scripts": [
                        "dist/jstree.js"
                    ],
                    "styles": [
                        "dist/themes/default/style.css"
                    ],
                    "images": [
                        "dist/themes/default/32px.png",
                        "dist/themes/default/40px.png",
                        "dist/themes/default/throbber.gif"
                    ],
                    "files": [
                        "dist/jstree.min.js",
                        "dist/themes/default/style.min.css",
                        "dist/themes/default/32px.png",
                        "dist/themes/default/40px.png",
                        "dist/themes/default/throbber.gif"
                    ]
                }
            },
            "notification-url": "https://packagist.org/downloads/",
            "license": [
                "MIT"
            ],
            "authors": [
                {
                    "name": "Ivan Bozhanov",
                    "email": "jstree@jstree.com"
                }
            ],
            "description": "jsTree is jquery plugin, that provides interactive trees.",
            "homepage": "http://jstree.com",
            "support": {
                "forum": "https://groups.google.com/forum/#!forum/jstree",
                "issues": "https://github.com/vakata/jstree/issues",
                "source": "https://github.com/vakata/jstree"
            },
            "funding": [
                {
                    "url": "https://github.com/vakata",
                    "type": "github"
                }
            ],
            "time": "2023-01-16T10:29:43+00:00"
        }
    ],
    "packages-dev": [],
    "aliases": [],
    "minimum-stability": "stable",
    "stability-flags": [],
    "prefer-stable": false,
    "prefer-lowest": false,
    "platform": [],
    "platform-dev": [],
    "plugin-api-version": "2.3.0"
}
